
Microsoft Visual Studio Solution File, Format Version 12.00
# Visual Studio Version 16
VisualStudioVersion = 16.0.32413.511
MinimumVisualStudioVersion = 10.0.40219.1
Project("{9A19103F-16F7-4668-BE54-9A1E7A4F7556}") = "BlazorApp.Server", "BlazorApp\Server\BlazorApp.Server.csproj", "{3DEAA49D-13E1-4926-84DB-827D411C2C24}"
EndProject
Project("{9A19103F-16F7-4668-BE54-9A1E7A4F7556}") = "BlazorApp.Client", "BlazorApp\Client\BlazorApp.Client.csproj", "{D461714C-9DAD-4EC2-8F52-EEE5D99395FC}"
EndProject
Project("{9A19103F-16F7-4668-BE54-9A1E7A4F7556}") = "BlazorApp.Shared", "BlazorApp\Shared\BlazorApp.Shared.csproj", "{3CAFF0EE-745D-4CF1-93C5-4D15E43C7E40}"
EndProject
Project("{9A19103F-16F7-4668-BE54-9A1E7A4F7556}") = "Model", "Model\Model.csproj", "{40537145-1A7A-4214-AE25-EA6772E7607E}"
EndProject
Global
	GlobalSection(SolutionConfigurationPlatforms) = preSolution
		Debug|Any CPU = Debug|Any CPU
		Release|Any CPU = Release|Any CPU
	EndGlobalSection
	GlobalSection(ProjectConfigurationPlatforms) = postSolution
		{3DEAA49D-13E1-4926-84DB-827D411C2C24}.Debug|Any CPU.ActiveCfg = Debug|Any CPU
		{3DEAA49D-13E1-4926-84DB-827D411C2C24}.Debug|Any CPU.Build.0 = Debug|Any CPU
		{3DEAA49D-13E1-4926-84DB-827D411C2C24}.Release|Any CPU.ActiveCfg = Release|Any CPU
		{3DEAA49D-13E1-4926-84DB-827D411C2C24}.Release|Any CPU.Build.0 = Release|Any CPU
		{D461714C-9DAD-4EC2-8F52-EEE5D99395FC}.Debug|Any CPU.ActiveCfg = Debug|Any CPU
		{D461714C-9DAD-4EC2-8F52-EEE5D99395FC}.Debug|Any CPU.Build.0 = Debug|Any CPU
		{D461714C-9DAD-4EC2-8F52-EEE5D99395FC}.Release|Any CPU.ActiveCfg = Release|Any CPU
		{D461714C-9DAD-4EC2-8F52-EEE5D99395FC}.Release|Any CPU.Build.0 = Release|Any CPU
		{3CAFF0EE-745D-4CF1-93C5-4D15E43C7E40}.Debug|Any CPU.ActiveCfg = Debug|Any CPU
		{3CAFF0EE-745D-4CF1-93C5-4D15E43C7E40}.Debug|Any CPU.Build.0 = Debug|Any CPU
		{3CAFF0EE-745D-4CF1-93C5-4D15E43C7E40}.Release|Any CPU.ActiveCfg = Release|Any CPU
		{3CAFF0EE-745D-4CF1-93C5-4D15E43C7E40}.Release|Any CPU.Build.0 = Release|Any CPU
		{40537145-1A7A-4214-AE25-EA6772E7607E}.Debug|Any CPU.ActiveCfg = Debug|Any CPU
		{40537145-1A7A-4214-AE25-EA6772E7607E}.Debug|Any CPU.Build.0 = Debug|Any CPU
		{40537145-1A7A-4214-AE25-EA6772E7607E}.Release|Any CPU.ActiveCfg = Release|Any CPU
		{40537145-1A7A-4214-AE25-EA6772E7607E}.Release|Any CPU.Build.0 = Release|Any CPU
	EndGlobalSection
	GlobalSection(SolutionProperties) = preSolution
		HideSolutionNode = FALSE
	EndGlobalSection
	GlobalSection(ExtensibilityGlobals) = postSolution
		SolutionGuid = {3C600DD1-A4F1-418D-BD69-42A82AD4A580}
	EndGlobalSection
EndGlobal
